
Microsoft Visual Studio Solution File, Format Version 12.00
# Visual Studio Version 16
VisualStudioVersion = 16.0.31112.23
MinimumVisualStudioVersion = 10.0.40219.1
Project("{FAE04EC0-301F-11D3-BF4B-00C04F79EFBC}") = "Fluent-Assertions-Library", "Fluent-Assertions-Library\Fluent-Assertions-Library.csproj", "{F0BEA5EE-E6DA-479C-976C-AADE783AA8B9}"
EndProject
Project("{FAE04EC0-301F-11D3-BF4B-00C04F79EFBC}") = "Fluent-Assertions-Database", "Fluent-Assertions-Database\Fluent-Assertions-Database.csproj", "{44E56B5A-C991-42B5-A463-09DC2DEAE2FC}"
EndProject
Project("{FAE04EC0-301F-11D3-BF4B-00C04F79EFBC}") = "Fluent-Assertions-UnitTest", "Fluent-Assertions-UnitTest\Fluent-Assertions-UnitTest.csproj", "{1B43FF65-DAFD-4C80-8E6E-FF77372C70AA}"
EndProject
Global
	GlobalSection(SolutionConfigurationPlatforms) = preSolution
		Debug|Any CPU = Debug|Any CPU
		Release|Any CPU = Release|Any CPU
	EndGlobalSection
	GlobalSection(ProjectConfigurationPlatforms) = postSolution
		{F0BEA5EE-E6DA-479C-976C-AADE783AA8B9}.Debug|Any CPU.ActiveCfg = Debug|Any CPU
		{F0BEA5EE-E6DA-479C-976C-AADE783AA8B9}.Debug|Any CPU.Build.0 = Debug|Any CPU
		{F0BEA5EE-E6DA-479C-976C-AADE783AA8B9}.Release|Any CPU.ActiveCfg = Release|Any CPU
		{F0BEA5EE-E6DA-479C-976C-AADE783AA8B9}.Release|Any CPU.Build.0 = Release|Any CPU
		{44E56B5A-C991-42B5-A463-09DC2DEAE2FC}.Debug|Any CPU.ActiveCfg = Debug|Any CPU
		{44E56B5A-C991-42B5-A463-09DC2DEAE2FC}.Debug|Any CPU.Build.0 = Debug|Any CPU
		{44E56B5A-C991-42B5-A463-09DC2DEAE2FC}.Release|Any CPU.ActiveCfg = Release|Any CPU
		{44E56B5A-C991-42B5-A463-09DC2DEAE2FC}.Release|Any CPU.Build.0 = Release|Any CPU
		{1B43FF65-DAFD-4C80-8E6E-FF77372C70AA}.Debug|Any CPU.ActiveCfg = Debug|Any CPU
		{1B43FF65-DAFD-4C80-8E6E-FF77372C70AA}.Debug|Any CPU.Build.0 = Debug|Any CPU
		{1B43FF65-DAFD-4C80-8E6E-FF77372C70AA}.Release|Any CPU.ActiveCfg = Release|Any CPU
		{1B43FF65-DAFD-4C80-8E6E-FF77372C70AA}.Release|Any CPU.Build.0 = Release|Any CPU
	EndGlobalSection
	GlobalSection(SolutionProperties) = preSolution
		HideSolutionNode = FALSE
	EndGlobalSection
	GlobalSection(ExtensibilityGlobals) = postSolution
		SolutionGuid = {086F6B2B-4941-495D-BA95-9F02242D6575}
	EndGlobalSection
EndGlobal
